
Microsoft Visual Studio Solution File, Format Version 12.00
# Visual Studio Version 17
VisualStudioVersion = 17.0.31903.59
MinimumVisualStudioVersion = 10.0.40219.1
Project("{FAE04EC0-301F-11D3-BF4B-00C04F79EFBC}") = "Depuracion", "Depuracion\Depuracion.csproj", "{02C5ABAD-5497-4E5B-A337-4188E2165F6F}"
EndProject
Project("{FAE04EC0-301F-11D3-BF4B-00C04F79EFBC}") = "Arreglos", "Arreglos\Arreglos.csproj", "{D5A0FC56-5FAF-43D4-8247-A974400382B5}"
EndProject
Project("{FAE04EC0-301F-11D3-BF4B-00C04F79EFBC}") = "Arreglos_listas", "Arreglos_listas\Arreglos_listas.csproj", "{55C6B217-23FB-42F0-9212-868A8006FA7D}"
EndProject
Project("{FAE04EC0-301F-11D3-BF4B-00C04F79EFBC}") = "Calculadora", "Calculadora\Calculadora.csproj", "{BE6DBEEF-16E7-435F-BB90-220CE5184A2F}"
EndProject
Project("{FAE04EC0-301F-11D3-BF4B-00C04F79EFBC}") = "Ciclos", "Ciclos\Ciclos.csproj", "{07335E80-E7E2-4DB2-B61D-65ED4BE76201}"
EndProject
Project("{FAE04EC0-301F-11D3-BF4B-00C04F79EFBC}") = "Clases", "Clases\Clases.csproj", "{2B63AECD-DF8D-4B38-9EE9-8894EC119AA9}"
EndProject
Project("{FAE04EC0-301F-11D3-BF4B-00C04F79EFBC}") = "ClasesEstaticas", "ClasesEstaticas\ClasesEstaticas.csproj", "{D9B12AAB-37C9-489E-A64F-500AE5B1A1DF}"
EndProject
Project("{FAE04EC0-301F-11D3-BF4B-00C04F79EFBC}") = "Condiciones", "Condiciones\Condiciones.csproj", "{BEC522FA-D3CC-40E8-AD72-ACF0A1D23126}"
EndProject
Project("{FAE04EC0-301F-11D3-BF4B-00C04F79EFBC}") = "Foreach", "Foreach\Foreach.csproj", "{8E6BBFF7-7A6D-4027-8F78-FC20B5AF0C56}"
EndProject
Project("{FAE04EC0-301F-11D3-BF4B-00C04F79EFBC}") = "HolaMundo", "HolaMundo\HolaMundo.csproj", "{4DD7F223-E6B8-46B2-91DB-1E658A9BA941}"
EndProject
Project("{FAE04EC0-301F-11D3-BF4B-00C04F79EFBC}") = "Interfaces", "Interfaces\Interfaces.csproj", "{BF9FDF71-7230-48F0-8F9E-57520A1673DA}"
EndProject
Project("{FAE04EC0-301F-11D3-BF4B-00C04F79EFBC}") = "Logger", "Logger\Logger.csproj", "{C19B1C54-F7A8-4EBD-9174-493974EB92EC}"
EndProject
Project("{FAE04EC0-301F-11D3-BF4B-00C04F79EFBC}") = "readandwrite", "readandwrite\readandwrite.csproj", "{8C602C11-309A-45A5-A858-05FC181B2572}"
EndProject
Project("{FAE04EC0-301F-11D3-BF4B-00C04F79EFBC}") = "Switch", "Switch\Switch.csproj", "{532E2C09-6A77-4165-A048-0C9DD562B593}"
EndProject
Global
	GlobalSection(SolutionConfigurationPlatforms) = preSolution
		Debug|Any CPU = Debug|Any CPU
		Debug|x64 = Debug|x64
		Debug|x86 = Debug|x86
		Release|Any CPU = Release|Any CPU
		Release|x64 = Release|x64
		Release|x86 = Release|x86
	EndGlobalSection
	GlobalSection(ProjectConfigurationPlatforms) = postSolution
		{02C5ABAD-5497-4E5B-A337-4188E2165F6F}.Debug|Any CPU.ActiveCfg = Debug|Any CPU
		{02C5ABAD-5497-4E5B-A337-4188E2165F6F}.Debug|Any CPU.Build.0 = Debug|Any CPU
		{02C5ABAD-5497-4E5B-A337-4188E2165F6F}.Debug|x64.ActiveCfg = Debug|Any CPU
		{02C5ABAD-5497-4E5B-A337-4188E2165F6F}.Debug|x64.Build.0 = Debug|Any CPU
		{02C5ABAD-5497-4E5B-A337-4188E2165F6F}.Debug|x86.ActiveCfg = Debug|Any CPU
		{02C5ABAD-5497-4E5B-A337-4188E2165F6F}.Debug|x86.Build.0 = Debug|Any CPU
		{02C5ABAD-5497-4E5B-A337-4188E2165F6F}.Release|Any CPU.ActiveCfg = Release|Any CPU
		{02C5ABAD-5497-4E5B-A337-4188E2165F6F}.Release|Any CPU.Build.0 = Release|Any CPU
		{02C5ABAD-5497-4E5B-A337-4188E2165F6F}.Release|x64.ActiveCfg = Release|Any CPU
		{02C5ABAD-5497-4E5B-A337-4188E2165F6F}.Release|x64.Build.0 = Release|Any CPU
		{02C5ABAD-5497-4E5B-A337-4188E2165F6F}.Release|x86.ActiveCfg = Release|Any CPU
		{02C5ABAD-5497-4E5B-A337-4188E2165F6F}.Release|x86.Build.0 = Release|Any CPU
		{D5A0FC56-5FAF-43D4-8247-A974400382B5}.Debug|Any CPU.ActiveCfg = Debug|Any CPU
		{D5A0FC56-5FAF-43D4-8247-A974400382B5}.Debug|Any CPU.Build.0 = Debug|Any CPU
		{D5A0FC56-5FAF-43D4-8247-A974400382B5}.Debug|x64.ActiveCfg = Debug|Any CPU
		{D5A0FC56-5FAF-43D4-8247-A974400382B5}.Debug|x64.Build.0 = Debug|Any CPU
		{D5A0FC56-5FAF-43D4-8247-A974400382B5}.Debug|x86.ActiveCfg = Debug|Any CPU
		{D5A0FC56-5FAF-43D4-8247-A974400382B5}.Debug|x86.Build.0 = Debug|Any CPU
		{D5A0FC56-5FAF-43D4-8247-A974400382B5}.Release|Any CPU.ActiveCfg = Release|Any CPU
		{D5A0FC56-5FAF-43D4-8247-A974400382B5}.Release|Any CPU.Build.0 = Release|Any CPU
		{D5A0FC56-5FAF-43D4-8247-A974400382B5}.Release|x64.ActiveCfg = Release|Any CPU
		{D5A0FC56-5FAF-43D4-8247-A974400382B5}.Release|x64.Build.0 = Release|Any CPU
		{D5A0FC56-5FAF-43D4-8247-A974400382B5}.Release|x86.ActiveCfg = Release|Any CPU
		{D5A0FC56-5FAF-43D4-8247-A974400382B5}.Release|x86.Build.0 = Release|Any CPU
		{55C6B217-23FB-42F0-9212-868A8006FA7D}.Debug|Any CPU.ActiveCfg = Debug|Any CPU
		{55C6B217-23FB-42F0-9212-868A8006FA7D}.Debug|Any CPU.Build.0 = Debug|Any CPU
		{55C6B217-23FB-42F0-9212-868A8006FA7D}.Debug|x64.ActiveCfg = Debug|Any CPU
		{55C6B217-23FB-42F0-9212-868A8006FA7D}.Debug|x64.Build.0 = Debug|Any CPU
		{55C6B217-23FB-42F0-9212-868A8006FA7D}.Debug|x86.ActiveCfg = Debug|Any CPU
		{55C6B217-23FB-42F0-9212-868A8006FA7D}.Debug|x86.Build.0 = Debug|Any CPU
		{55C6B217-23FB-42F0-9212-868A8006FA7D}.Release|Any CPU.ActiveCfg = Release|Any CPU
		{55C6B217-23FB-42F0-9212-868A8006FA7D}.Release|Any CPU.Build.0 = Release|Any CPU
		{55C6B217-23FB-42F0-9212-868A8006FA7D}.Release|x64.ActiveCfg = Release|Any CPU
		{55C6B217-23FB-42F0-9212-868A8006FA7D}.Release|x64.Build.0 = Release|Any CPU
		{55C6B217-23FB-42F0-9212-868A8006FA7D}.Release|x86.ActiveCfg = Release|Any CPU
		{55C6B217-23FB-42F0-9212-868A8006FA7D}.Release|x86.Build.0 = Release|Any CPU
		{BE6DBEEF-16E7-435F-BB90-220CE5184A2F}.Debug|Any CPU.ActiveCfg = Debug|Any CPU
		{BE6DBEEF-16E7-435F-BB90-220CE5184A2F}.Debug|Any CPU.Build.0 = Debug|Any CPU
		{BE6DBEEF-16E7-435F-BB90-220CE5184A2F}.Debug|x64.ActiveCfg = Debug|Any CPU
		{BE6DBEEF-16E7-435F-BB90-220CE5184A2F}.Debug|x64.Build.0 = Debug|Any CPU
		{BE6DBEEF-16E7-435F-BB90-220CE5184A2F}.Debug|x86.ActiveCfg = Debug|Any CPU
		{BE6DBEEF-16E7-435F-BB90-220CE5184A2F}.Debug|x86.Build.0 = Debug|Any CPU
		{BE6DBEEF-16E7-435F-BB90-220CE5184A2F}.Release|Any CPU.ActiveCfg = Release|Any CPU
		{BE6DBEEF-16E7-435F-BB90-220CE5184A2F}.Release|Any CPU.Build.0 = Release|Any CPU
		{BE6DBEEF-16E7-435F-BB90-220CE5184A2F}.Release|x64.ActiveCfg = Release|Any CPU
		{BE6DBEEF-16E7-435F-BB90-220CE5184A2F}.Release|x64.Build.0 = Release|Any CPU
		{BE6DBEEF-16E7-435F-BB90-220CE5184A2F}.Release|x86.ActiveCfg = Release|Any CPU
		{BE6DBEEF-16E7-435F-BB90-220CE5184A2F}.Release|x86.Build.0 = Release|Any CPU
		{07335E80-E7E2-4DB2-B61D-65ED4BE76201}.Debug|Any CPU.ActiveCfg = Debug|Any CPU
		{07335E80-E7E2-4DB2-B61D-65ED4BE76201}.Debug|Any CPU.Build.0 = Debug|Any CPU
		{07335E80-E7E2-4DB2-B61D-65ED4BE76201}.Debug|x64.ActiveCfg = Debug|Any CPU
		{07335E80-E7E2-4DB2-B61D-65ED4BE76201}.Debug|x64.Build.0 = Debug|Any CPU
		{07335E80-E7E2-4DB2-B61D-65ED4BE76201}.Debug|x86.ActiveCfg = Debug|Any CPU
		{07335E80-E7E2-4DB2-B61D-65ED4BE76201}.Debug|x86.Build.0 = Debug|Any CPU
		{07335E80-E7E2-4DB2-B61D-65ED4BE76201}.Release|Any CPU.ActiveCfg = Release|Any CPU
		{07335E80-E7E2-4DB2-B61D-65ED4BE76201}.Release|Any CPU.Build.0 = Release|Any CPU
		{07335E80-E7E2-4DB2-B61D-65ED4BE76201}.Release|x64.ActiveCfg = Release|Any CPU
		{07335E80-E7E2-4DB2-B61D-65ED4BE76201}.Release|x64.Build.0 = Release|Any CPU
		{07335E80-E7E2-4DB2-B61D-65ED4BE76201}.Release|x86.ActiveCfg = Release|Any CPU
		{07335E80-E7E2-4DB2-B61D-65ED4BE76201}.Release|x86.Build.0 = Release|Any CPU
		{2B63AECD-DF8D-4B38-9EE9-8894EC119AA9}.Debug|Any CPU.ActiveCfg = Debug|Any CPU
		{2B63AECD-DF8D-4B38-9EE9-8894EC119AA9}.Debug|Any CPU.Build.0 = Debug|Any CPU
		{2B63AECD-DF8D-4B38-9EE9-8894EC119AA9}.Debug|x64.ActiveCfg = Debug|Any CPU
		{2B63AECD-DF8D-4B38-9EE9-8894EC119AA9}.Debug|x64.Build.0 = Debug|Any CPU
		{2B63AECD-DF8D-4B38-9EE9-8894EC119AA9}.Debug|x86.ActiveCfg = Debug|Any CPU
		{2B63AECD-DF8D-4B38-9EE9-8894EC119AA9}.Debug|x86.Build.0 = Debug|Any CPU
		{2B63AECD-DF8D-4B38-9EE9-8894EC119AA9}.Release|Any CPU.ActiveCfg = Release|Any CPU
		{2B63AECD-DF8D-4B38-9EE9-8894EC119AA9}.Release|Any CPU.Build.0 = Release|Any CPU
		{2B63AECD-DF8D-4B38-9EE9-8894EC119AA9}.Release|x64.ActiveCfg = Release|Any CPU
		{2B63AECD-DF8D-4B38-9EE9-8894EC119AA9}.Release|x64.Build.0 = Release|Any CPU
		{2B63AECD-DF8D-4B38-9EE9-8894EC119AA9}.Release|x86.ActiveCfg = Release|Any CPU
		{2B63AECD-DF8D-4B38-9EE9-8894EC119AA9}.Release|x86.Build.0 = Release|Any CPU
		{D9B12AAB-37C9-489E-A64F-500AE5B1A1DF}.Debug|Any CPU.ActiveCfg = Debug|Any CPU
		{D9B12AAB-37C9-489E-A64F-500AE5B1A1DF}.Debug|Any CPU.Build.0 = Debug|Any CPU
		{D9B12AAB-37C9-489E-A64F-500AE5B1A1DF}.Debug|x64.ActiveCfg = Debug|Any CPU
		{D9B12AAB-37C9-489E-A64F-500AE5B1A1DF}.Debug|x64.Build.0 = Debug|Any CPU
		{D9B12AAB-37C9-489E-A64F-500AE5B1A1DF}.Debug|x86.ActiveCfg = Debug|Any CPU
		{D9B12AAB-37C9-489E-A64F-500AE5B1A1DF}.Debug|x86.Build.0 = Debug|Any CPU
		{D9B12AAB-37C9-489E-A64F-500AE5B1A1DF}.Release|Any CPU.ActiveCfg = Release|Any CPU
		{D9B12AAB-37C9-489E-A64F-500AE5B1A1DF}.Release|Any CPU.Build.0 = Release|Any CPU
		{D9B12AAB-37C9-489E-A64F-500AE5B1A1DF}.Release|x64.ActiveCfg = Release|Any CPU
		{D9B12AAB-37C9-489E-A64F-500AE5B1A1DF}.Release|x64.Build.0 = Release|Any CPU
		{D9B12AAB-37C9-489E-A64F-500AE5B1A1DF}.Release|x86.ActiveCfg = Release|Any CPU
		{D9B12AAB-37C9-489E-A64F-500AE5B1A1DF}.Release|x86.Build.0 = Release|Any CPU
		{BEC522FA-D3CC-40E8-AD72-ACF0A1D23126}.Debug|Any CPU.ActiveCfg = Debug|Any CPU
		{BEC522FA-D3CC-40E8-AD72-ACF0A1D23126}.Debug|Any CPU.Build.0 = Debug|Any CPU
		{BEC522FA-D3CC-40E8-AD72-ACF0A1D23126}.Debug|x64.ActiveCfg = Debug|Any CPU
		{BEC522FA-D3CC-40E8-AD72-ACF0A1D23126}.Debug|x64.Build.0 = Debug|Any CPU
		{BEC522FA-D3CC-40E8-AD72-ACF0A1D23126}.Debug|x86.ActiveCfg = Debug|Any CPU
		{BEC522FA-D3CC-40E8-AD72-ACF0A1D23126}.Debug|x86.Build.0 = Debug|Any CPU
		{BEC522FA-D3CC-40E8-AD72-ACF0A1D23126}.Release|Any CPU.ActiveCfg = Release|Any CPU
		{BEC522FA-D3CC-40E8-AD72-ACF0A1D23126}.Release|Any CPU.Build.0 = Release|Any CPU
		{BEC522FA-D3CC-40E8-AD72-ACF0A1D23126}.Release|x64.ActiveCfg = Release|Any CPU
		{BEC522FA-D3CC-40E8-AD72-ACF0A1D23126}.Release|x64.Build.0 = Release|Any CPU
		{BEC522FA-D3CC-40E8-AD72-ACF0A1D23126}.Release|x86.ActiveCfg = Release|Any CPU
		{BEC522FA-D3CC-40E8-AD72-ACF0A1D23126}.Release|x86.Build.0 = Release|Any CPU
		{8E6BBFF7-7A6D-4027-8F78-FC20B5AF0C56}.Debug|Any CPU.ActiveCfg = Debug|Any CPU
		{8E6BBFF7-7A6D-4027-8F78-FC20B5AF0C56}.Debug|Any CPU.Build.0 = Debug|Any CPU
		{8E6BBFF7-7A6D-4027-8F78-FC20B5AF0C56}.Debug|x64.ActiveCfg = Debug|Any CPU
		{8E6BBFF7-7A6D-4027-8F78-FC20B5AF0C56}.Debug|x64.Build.0 = Debug|Any CPU
		{8E6BBFF7-7A6D-4027-8F78-FC20B5AF0C56}.Debug|x86.ActiveCfg = Debug|Any CPU
		{8E6BBFF7-7A6D-4027-8F78-FC20B5AF0C56}.Debug|x86.Build.0 = Debug|Any CPU
		{8E6BBFF7-7A6D-4027-8F78-FC20B5AF0C56}.Release|Any CPU.ActiveCfg = Release|Any CPU
		{8E6BBFF7-7A6D-4027-8F78-FC20B5AF0C56}.Release|Any CPU.Build.0 = Release|Any CPU
		{8E6BBFF7-7A6D-4027-8F78-FC20B5AF0C56}.Release|x64.ActiveCfg = Release|Any CPU
		{8E6BBFF7-7A6D-4027-8F78-FC20B5AF0C56}.Release|x64.Build.0 = Release|Any CPU
		{8E6BBFF7-7A6D-4027-8F78-FC20B5AF0C56}.Release|x86.ActiveCfg = Release|Any CPU
		{8E6BBFF7-7A6D-4027-8F78-FC20B5AF0C56}.Release|x86.Build.0 = Release|Any CPU
		{4DD7F223-E6B8-46B2-91DB-1E658A9BA941}.Debug|Any CPU.ActiveCfg = Debug|Any CPU
		{4DD7F223-E6B8-46B2-91DB-1E658A9BA941}.Debug|Any CPU.Build.0 = Debug|Any CPU
		{4DD7F223-E6B8-46B2-91DB-1E658A9BA941}.Debug|x64.ActiveCfg = Debug|Any CPU
		{4DD7F223-E6B8-46B2-91DB-1E658A9BA941}.Debug|x64.Build.0 = Debug|Any CPU
		{4DD7F223-E6B8-46B2-91DB-1E658A9BA941}.Debug|x86.ActiveCfg = Debug|Any CPU
		{4DD7F223-E6B8-46B2-91DB-1E658A9BA941}.Debug|x86.Build.0 = Debug|Any CPU
		{4DD7F223-E6B8-46B2-91DB-1E658A9BA941}.Release|Any CPU.ActiveCfg = Release|Any CPU
		{4DD7F223-E6B8-46B2-91DB-1E658A9BA941}.Release|Any CPU.Build.0 = Release|Any CPU
		{4DD7F223-E6B8-46B2-91DB-1E658A9BA941}.Release|x64.ActiveCfg = Release|Any CPU
		{4DD7F223-E6B8-46B2-91DB-1E658A9BA941}.Release|x64.Build.0 = Release|Any CPU
		{4DD7F223-E6B8-46B2-91DB-1E658A9BA941}.Release|x86.ActiveCfg = Release|Any CPU
		{4DD7F223-E6B8-46B2-91DB-1E658A9BA941}.Release|x86.Build.0 = Release|Any CPU
		{BF9FDF71-7230-48F0-8F9E-57520A1673DA}.Debug|Any CPU.ActiveCfg = Debug|Any CPU
		{BF9FDF71-7230-48F0-8F9E-57520A1673DA}.Debug|Any CPU.Build.0 = Debug|Any CPU
		{BF9FDF71-7230-48F0-8F9E-57520A1673DA}.Debug|x64.ActiveCfg = Debug|Any CPU
		{BF9FDF71-7230-48F0-8F9E-57520A1673DA}.Debug|x64.Build.0 = Debug|Any CPU
		{BF9FDF71-7230-48F0-8F9E-57520A1673DA}.Debug|x86.ActiveCfg = Debug|Any CPU
		{BF9FDF71-7230-48F0-8F9E-57520A1673DA}.Debug|x86.Build.0 = Debug|Any CPU
		{BF9FDF71-7230-48F0-8F9E-57520A1673DA}.Release|Any CPU.ActiveCfg = Release|Any CPU
		{BF9FDF71-7230-48F0-8F9E-57520A1673DA}.Release|Any CPU.Build.0 = Release|Any CPU
		{BF9FDF71-7230-48F0-8F9E-57520A1673DA}.Release|x64.ActiveCfg = Release|Any CPU
		{BF9FDF71-7230-48F0-8F9E-57520A1673DA}.Release|x64.Build.0 = Release|Any CPU
		{BF9FDF71-7230-48F0-8F9E-57520A1673DA}.Release|x86.ActiveCfg = Release|Any CPU
		{BF9FDF71-7230-48F0-8F9E-57520A1673DA}.Release|x86.Build.0 = Release|Any CPU
		{C19B1C54-F7A8-4EBD-9174-493974EB92EC}.Debug|Any CPU.ActiveCfg = Debug|Any CPU
		{C19B1C54-F7A8-4EBD-9174-493974EB92EC}.Debug|Any CPU.Build.0 = Debug|Any CPU
		{C19B1C54-F7A8-4EBD-9174-493974EB92EC}.Debug|x64.ActiveCfg = Debug|Any CPU
		{C19B1C54-F7A8-4EBD-9174-493974EB92EC}.Debug|x64.Build.0 = Debug|Any CPU
		{C19B1C54-F7A8-4EBD-9174-493974EB92EC}.Debug|x86.ActiveCfg = Debug|Any CPU
		{C19B1C54-F7A8-4EBD-9174-493974EB92EC}.Debug|x86.Build.0 = Debug|Any CPU
		{C19B1C54-F7A8-4EBD-9174-493974EB92EC}.Release|Any CPU.ActiveCfg = Release|Any CPU
		{C19B1C54-F7A8-4EBD-9174-493974EB92EC}.Release|Any CPU.Build.0 = Release|Any CPU
		{C19B1C54-F7A8-4EBD-9174-493974EB92EC}.Release|x64.ActiveCfg = Release|Any CPU
		{C19B1C54-F7A8-4EBD-9174-493974EB92EC}.Release|x64.Build.0 = Release|Any CPU
		{C19B1C54-F7A8-4EBD-9174-493974EB92EC}.Release|x86.ActiveCfg = Release|Any CPU
		{C19B1C54-F7A8-4EBD-9174-493974EB92EC}.Release|x86.Build.0 = Release|Any CPU
		{8C602C11-309A-45A5-A858-05FC181B2572}.Debug|Any CPU.ActiveCfg = Debug|Any CPU
		{8C602C11-309A-45A5-A858-05FC181B2572}.Debug|Any CPU.Build.0 = Debug|Any CPU
		{8C602C11-309A-45A5-A858-05FC181B2572}.Debug|x64.ActiveCfg = Debug|Any CPU
		{8C602C11-309A-45A5-A858-05FC181B2572}.Debug|x64.Build.0 = Debug|Any CPU
		{8C602C11-309A-45A5-A858-05FC181B2572}.Debug|x86.ActiveCfg = Debug|Any CPU
		{8C602C11-309A-45A5-A858-05FC181B2572}.Debug|x86.Build.0 = Debug|Any CPU
		{8C602C11-309A-45A5-A858-05FC181B2572}.Release|Any CPU.ActiveCfg = Release|Any CPU
		{8C602C11-309A-45A5-A858-05FC181B2572}.Release|Any CPU.Build.0 = Release|Any CPU
		{8C602C11-309A-45A5-A858-05FC181B2572}.Release|x64.ActiveCfg = Release|Any CPU
		{8C602C11-309A-45A5-A858-05FC181B2572}.Release|x64.Build.0 = Release|Any CPU
		{8C602C11-309A-45A5-A858-05FC181B2572}.Release|x86.ActiveCfg = Release|Any CPU
		{8C602C11-309A-45A5-A858-05FC181B2572}.Release|x86.Build.0 = Release|Any CPU
		{532E2C09-6A77-4165-A048-0C9DD562B593}.Debug|Any CPU.ActiveCfg = Debug|Any CPU
		{532E2C09-6A77-4165-A048-0C9DD562B593}.Debug|Any CPU.Build.0 = Debug|Any CPU
		{532E2C09-6A77-4165-A048-0C9DD562B593}.Debug|x64.ActiveCfg = Debug|Any CPU
		{532E2C09-6A77-4165-A048-0C9DD562B593}.Debug|x64.Build.0 = Debug|Any CPU
		{532E2C09-6A77-4165-A048-0C9DD562B593}.Debug|x86.ActiveCfg = Debug|Any CPU
		{532E2C09-6A77-4165-A048-0C9DD562B593}.Debug|x86.Build.0 = Debug|Any CPU
		{532E2C09-6A77-4165-A048-0C9DD562B593}.Release|Any CPU.ActiveCfg = Release|Any CPU
		{532E2C09-6A77-4165-A048-0C9DD562B593}.Release|Any CPU.Build.0 = Release|Any CPU
		{532E2C09-6A77-4165-A048-0C9DD562B593}.Release|x64.ActiveCfg = Release|Any CPU
		{532E2C09-6A77-4165-A048-0C9DD562B593}.Release|x64.Build.0 = Release|Any CPU
		{532E2C09-6A77-4165-A048-0C9DD562B593}.Release|x86.ActiveCfg = Release|Any CPU
		{532E2C09-6A77-4165-A048-0C9DD562B593}.Release|x86.Build.0 = Release|Any CPU
	EndGlobalSection
	GlobalSection(SolutionProperties) = preSolution
		HideSolutionNode = FALSE
	EndGlobalSection
EndGlobal
